
Microsoft Visual Studio Solution File, Format Version 12.00
# Visual Studio Version 17
VisualStudioVersion = 17.10.35013.160
MinimumVisualStudioVersion = 10.0.40219.1
Project("{FAE04EC0-301F-11D3-BF4B-00C04F79EFBC}") = "AIChatBot", "AIChatBot\AIChatBot.csproj", "{731CD3AB-13A3-4A1B-A4A7-BBDCF04C479A}"
EndProject
Global
	GlobalSection(SolutionConfigurationPlatforms) = preSolution
		Debug|Any CPU = Debug|Any CPU
		Release|Any CPU = Release|Any CPU
	EndGlobalSection
	GlobalSection(ProjectConfigurationPlatforms) = postSolution
		{731CD3AB-13A3-4A1B-A4A7-BBDCF04C479A}.Debug|Any CPU.ActiveCfg = Debug|Any CPU
		{731CD3AB-13A3-4A1B-A4A7-BBDCF04C479A}.Debug|Any CPU.Build.0 = Debug|Any CPU
		{731CD3AB-13A3-4A1B-A4A7-BBDCF04C479A}.Release|Any CPU.ActiveCfg = Release|Any CPU
		{731CD3AB-13A3-4A1B-A4A7-BBDCF04C479A}.Release|Any CPU.Build.0 = Release|Any CPU
	EndGlobalSection
	GlobalSection(SolutionProperties) = preSolution
		HideSolutionNode = FALSE
	EndGlobalSection
	GlobalSection(ExtensibilityGlobals) = postSolution
		SolutionGuid = {38913014-79F8-4D2E-ACE9-FBEC9F94B311}
	EndGlobalSection
EndGlobal
